# This file is automatically @generated by Poetry 1.8.3 and should not be changed by hand.

[[package]]
name = "emoji"
version = "2.14.0"
description = "Emoji for Python"
optional = false
python-versions = ">=3.7"
files = [
    {file = "emoji-2.14.0-py3-none-any.whl", hash = "sha256:fcc936bf374b1aec67dda5303ae99710ba88cc9cdce2d1a71c5f2204e6d78799"},
    {file = "emoji-2.14.0.tar.gz", hash = "sha256:f68ac28915a2221667cddb3e6c589303c3c6954c6c5af6fefaec7f9bdf72fdca"},
]

[package.extras]
dev = ["coverage", "pytest (>=7.4.4)"]

[metadata]
lock-version = "2.0"
python-versions = "^3.12"
content-hash = "94863eb61d060e75a7448f74f83568881d6a256d7b6b83dc2924d7dd197865b5"
